
Microsoft Visual Studio Solution File, Format Version 12.00
# Visual Studio 15
VisualStudioVersion = 15.0.27004.2002
MinimumVisualStudioVersion = 10.0.40219.1
Project("{FAE04EC0-301F-11D3-BF4B-00C04F79EFBC}") = "Leaguegram", "Leaguegram\Leaguegram.csproj", "{223872F6-D03C-4661-82F2-EB7859A0D452}"
EndProject
Project("{FAE04EC0-301F-11D3-BF4B-00C04F79EFBC}") = "LeagueGramTests", "LeagueGramTests\LeagueGramTests.csproj", "{2D7F8100-ED13-451D-A5F1-2A0005176AC0}"
EndProject
Global
	GlobalSection(SolutionConfigurationPlatforms) = preSolution
		Debug|Any CPU = Debug|Any CPU
		Release|Any CPU = Release|Any CPU
	EndGlobalSection
	GlobalSection(ProjectConfigurationPlatforms) = postSolution
		{223872F6-D03C-4661-82F2-EB7859A0D452}.Debug|Any CPU.ActiveCfg = Debug|Any CPU
		{223872F6-D03C-4661-82F2-EB7859A0D452}.Debug|Any CPU.Build.0 = Debug|Any CPU
		{223872F6-D03C-4661-82F2-EB7859A0D452}.Release|Any CPU.ActiveCfg = Release|Any CPU
		{223872F6-D03C-4661-82F2-EB7859A0D452}.Release|Any CPU.Build.0 = Release|Any CPU
		{2D7F8100-ED13-451D-A5F1-2A0005176AC0}.Debug|Any CPU.ActiveCfg = Debug|Any CPU
		{2D7F8100-ED13-451D-A5F1-2A0005176AC0}.Debug|Any CPU.Build.0 = Debug|Any CPU
		{2D7F8100-ED13-451D-A5F1-2A0005176AC0}.Release|Any CPU.ActiveCfg = Release|Any CPU
		{2D7F8100-ED13-451D-A5F1-2A0005176AC0}.Release|Any CPU.Build.0 = Release|Any CPU
	EndGlobalSection
	GlobalSection(SolutionProperties) = preSolution
		HideSolutionNode = FALSE
	EndGlobalSection
	GlobalSection(ExtensibilityGlobals) = postSolution
		SolutionGuid = {C989964C-8D7C-4EA9-B9B7-278FA27CE7B8}
	EndGlobalSection
EndGlobal
